dependencies:
- name: vpa
  repository: https://charts.fairwinds.com/stable
  version: 5.0.0
- name: metrics-server
  repository: https://kubernetes-sigs.github.io/metrics-server/
  version: 3.14.0
digest: sha256:3e1abe9ac32d1a4bd9c5ea1952573d7e9b741d841dfffeb26f3221e84965f98e
generated: "2026-08-21T14:36:38.539777862Z"
