dependencies:
- name: goldilocks
  repository: https://charts.fairwinds.com/stable
  version: 11.1.1
- name: prometheus
  repository: https://prometheus-community.github.io/helm-charts
  version: 29.30.2
- name: insights-admission
  repository: https://charts.fairwinds.com/stable
  version: 2.0.1
- name: falco
  repository: https://falcosecurity.github.io/charts
  version: 9.1.0
- name: vpa
  repository: https://charts.fairwinds.com/stable
  version: 5.1.0
- name: trivy
  repository: https://aquasecurity.github.io/helm-charts/
  version: 0.26.0
- name: dcgm-exporter
  repository: https://nvidia.github.io/dcgm-exporter/helm-charts
  version: 4.8.3
- name: device-metrics-exporter-charts
  repository: https://rocm.github.io/device-metrics-exporter
  version: v1.5.2
digest: sha256:8474defdf7ddc8c45275694f3d7fe4a972b2c10f2574d80a02b2f963d860a093
generated: "2026-09-24T11:01:40.391188-03:00"
