dependencies:
- name: goldilocks
  repository: https://charts.fairwinds.com/stable
  version: 10.4.1
- name: prometheus
  repository: https://prometheus-community.github.io/helm-charts
  version: 29.17.0
- name: insights-admission
  repository: https://charts.fairwinds.com/stable
  version: 1.12.3
- name: falco
  repository: https://falcosecurity.github.io/charts
  version: 9.1.0
- name: vpa
  repository: https://charts.fairwinds.com/stable
  version: 4.12.3
- name: trivy
  repository: https://aquasecurity.github.io/helm-charts/
  version: 0.24.0
- name: dcgm-exporter
  repository: https://nvidia.github.io/dcgm-exporter/helm-charts
  version: 4.8.2
- name: device-metrics-exporter-charts
  repository: https://rocm.github.io/device-metrics-exporter
  version: v1.5.0
digest: sha256:531c8b47e7254c6f41823ecbd857ea0f6c8f9bb6e0cfd39acbf9089a9b2d8086
generated: "2026-07-20T14:15:57.324445283Z"
