dependencies:
- name: goldilocks
  repository: https://charts.fairwinds.com/stable
  version: 10.4.1
- name: prometheus
  repository: https://prometheus-community.github.io/helm-charts
  version: 29.20.1
- name: insights-admission
  repository: https://charts.fairwinds.com/stable
  version: 1.13.0
- name: falco
  repository: https://falcosecurity.github.io/charts
  version: 9.1.0
- name: vpa
  repository: https://charts.fairwinds.com/stable
  version: 4.12.5
- name: trivy
  repository: https://aquasecurity.github.io/helm-charts/
  version: 0.24.0
- name: dcgm-exporter
  repository: https://nvidia.github.io/dcgm-exporter/helm-charts
  version: 4.8.3
- name: device-metrics-exporter-charts
  repository: https://rocm.github.io/device-metrics-exporter
  version: v1.5.1
digest: sha256:43c33f4f50e3acdb762df9cd3d97829a0c06251dd5f4fa6831a8bd6ba1f315bf
generated: "2026-08-05T04:55:16.327832138Z"
