dependencies:
- name: goldilocks
  repository: https://charts.fairwinds.com/stable
  version: 2.3.1
- name: prometheus
  repository: https://prometheus-community.github.io/helm-charts
  version: 11.16.9
- name: insights-admission
  repository: https://charts.fairwinds.com/stable
  version: 0.3.3
digest: sha256:0da8890285ffe8f9a8e4d715197908babe4ce9f9fc9617d57926a3c49079ed65
generated: "2020-12-16T15:51:36.2337864-05:00"
