dependencies:
- name: goldilocks
  repository: https://charts.fairwinds.com/stable
  version: 3.2.7
- name: prometheus
  repository: https://prometheus-community.github.io/helm-charts
  version: 14.7.1
- name: insights-admission
  repository: https://charts.fairwinds.com/stable
  version: 0.4.0
digest: sha256:f4e15f1a4075732f1af35f19cc55b6bf737ec78cff86a7b405a31eb80cdc9bd4
generated: "2021-10-29T00:34:03.442598+03:00"
