dependencies:
- name: goldilocks
  repository: https://charts.fairwinds.com/stable
  version: 3.2.7
- name: prometheus
  repository: https://prometheus-community.github.io/helm-charts
  version: 14.7.1
- name: insights-admission
  repository: https://charts.fairwinds.com/stable
  version: 0.3.8
digest: sha256:b0f2f5ea81398b09e874a73834afabcea40dc6d6ecb7b67e6ac1df6579bcd8c3
generated: "2021-10-27T18:00:45.022762067Z"
