dependencies:
- name: helm-release-pruner
  repository: https://charts.fairwinds.com/stable
  version: 3.2.5
- name: postgresql
  repository: https://charts.bitnami.com/bitnami
  version: 10.15.1
- name: minio
  repository: https://helm.min.io/
  version: 8.0.10
- name: timescaledb-single
  repository: https://charts.fairwinds.com/incubator
  version: 0.11.1
digest: sha256:0324de247a21a25f7804472884ea2f06cca72477cf6e2fe41292dccef60d159d
generated: "2022-04-28T08:54:42.7728995-03:00"
