dependencies:
- name: postgresql
  repository: https://charts.bitnami.com/bitnami
  version: 10.15.1
- name: minio
  repository: https://helm.min.io/
  version: 8.0.10
- name: timescaledb-single
  repository: https://charts.fairwinds.com/incubator
  version: 0.11.1
digest: sha256:d29f7caa99bd06ea471c2a6d560b568344ee8a44eefd47a765eb25122c5c32ce
generated: "2022-04-26T09:55:32.5431225-03:00"
