dependencies:
- name: postgresql
  repository: https://charts.bitnami.com/bitnami
  version: 10.15.1
- name: minio
  repository: https://helm.min.io/
  version: 8.0.10
- name: timescaledb-single
  repository: https://charts.timescale.com
  version: 0.11.0
digest: sha256:e8e8f7fa31b4a4edf91f3f5337b10b12f5334840eb54016ba1f080f4d99b50d2
generated: "2022-04-14T16:26:46.3995193-03:00"
